
Microsoft Visual Studio Solution File, Format Version 12.00
# Visual Studio Version 17
VisualStudioVersion = 17.13.35825.156 d17.13
MinimumVisualStudioVersion = 10.0.40219.1
Project("{FAE04EC0-301F-11D3-BF4B-00C04F79EFBC}") = "TemplateManager_Backend", "TemplateManager_Backend.csproj", "{1BA9BAB0-D24A-47AC-9760-85AE8D435CC3}"
EndProject
Global
	GlobalSection(SolutionConfigurationPlatforms) = preSolution
		Debug|Any CPU = Debug|Any CPU
		Release|Any CPU = Release|Any CPU
	EndGlobalSection
	GlobalSection(ProjectConfigurationPlatforms) = postSolution
		{1BA9BAB0-D24A-47AC-9760-85AE8D435CC3}.Debug|Any CPU.ActiveCfg = Debug|Any CPU
		{1BA9BAB0-D24A-47AC-9760-85AE8D435CC3}.Debug|Any CPU.Build.0 = Debug|Any CPU
		{1BA9BAB0-D24A-47AC-9760-85AE8D435CC3}.Release|Any CPU.ActiveCfg = Release|Any CPU
		{1BA9BAB0-D24A-47AC-9760-85AE8D435CC3}.Release|Any CPU.Build.0 = Release|Any CPU
	EndGlobalSection
	GlobalSection(SolutionProperties) = preSolution
		HideSolutionNode = FALSE
	EndGlobalSection
	GlobalSection(ExtensibilityGlobals) = postSolution
		SolutionGuid = {EC2CE69D-AE88-471A-BA80-AD55C4335E3E}
	EndGlobalSection
EndGlobal
